
Microsoft Visual Studio Solution File, Format Version 12.00
# Visual Studio Version 17
VisualStudioVersion = 17.14.37027.9 d17.14
MinimumVisualStudioVersion = 10.0.40219.1
Project("{FAE04EC0-301F-11D3-BF4B-00C04F79EFBC}") = "kasirrrrrrrrrrrrr", "kasirrrrrrrrrrrrr\kasirrrrrrrrrrrrr.csproj", "{C8580125-7A05-46C8-B9E6-355A4635F8EA}"
EndProject
Global
	GlobalSection(SolutionConfigurationPlatforms) = preSolution
		Debug|Any CPU = Debug|Any CPU
		Release|Any CPU = Release|Any CPU
	EndGlobalSection
	GlobalSection(ProjectConfigurationPlatforms) = postSolution
		{C8580125-7A05-46C8-B9E6-355A4635F8EA}.Debug|Any CPU.ActiveCfg = Debug|Any CPU
		{C8580125-7A05-46C8-B9E6-355A4635F8EA}.Debug|Any CPU.Build.0 = Debug|Any CPU
		{C8580125-7A05-46C8-B9E6-355A4635F8EA}.Release|Any CPU.ActiveCfg = Release|Any CPU
		{C8580125-7A05-46C8-B9E6-355A4635F8EA}.Release|Any CPU.Build.0 = Release|Any CPU
	EndGlobalSection
	GlobalSection(SolutionProperties) = preSolution
		HideSolutionNode = FALSE
	EndGlobalSection
	GlobalSection(ExtensibilityGlobals) = postSolution
		SolutionGuid = {F502C321-4425-489A-A207-DF37C8727971}
	EndGlobalSection
EndGlobal
